{
  "name": "gen-passcode",
  "version": "1.0.0",
  "lockfileVersion": 1,
  "requires": true,
  "dependencies": {
    "microjob": {
      "version": "0.2.1",
      "resolved": "https://registry.npmjs.org/microjob/-/microjob-0.2.1.tgz",
      "integrity": "sha512-ilQR9jhPyB53kcss9r5NhaLwvWWeeymiZs6PjyeP9TSpgZY+HZlOH8C4ZTp4w+VxAfUOuxWpW4pfQuTEwoEEtQ=="
    }
  }
}
